
Microsoft Visual Studio Solution File, Format Version 12.00
# Visual Studio Version 17
VisualStudioVersion = 17.3.32901.215
MinimumVisualStudioVersion = 10.0.40219.1
Project("{00D1A9C2-B5F0-4AF3-8072-F6C62B433612}") = "Exo_ADO.DB", "Exo_ADO.DB\Exo_ADO.DB.sqlproj", "{260C4DF3-CA49-4297-8B5F-6B2A8A6EC0D2}"
EndProject
Project("{9A19103F-16F7-4668-BE54-9A1E7A4F7556}") = "Exo_ADO.App", "Exo_ADO.App\Exo_ADO.App.csproj", "{504D6103-3F04-412C-8B7B-C9C91DC4B6DD}"
EndProject
Project("{FAE04EC0-301F-11D3-BF4B-00C04F79EFBC}") = "ClassLibrary", "ClassLibrary\ClassLibrary.csproj", "{2FBB69B1-F553-48E4-B96C-EA2A06868448}"
EndProject
Global
	GlobalSection(SolutionConfigurationPlatforms) = preSolution
		Debug|Any CPU = Debug|Any CPU
		Release|Any CPU = Release|Any CPU
	EndGlobalSection
	GlobalSection(ProjectConfigurationPlatforms) = postSolution
		{260C4DF3-CA49-4297-8B5F-6B2A8A6EC0D2}.Debug|Any CPU.ActiveCfg = Debug|Any CPU
		{260C4DF3-CA49-4297-8B5F-6B2A8A6EC0D2}.Debug|Any CPU.Build.0 = Debug|Any CPU
		{260C4DF3-CA49-4297-8B5F-6B2A8A6EC0D2}.Debug|Any CPU.Deploy.0 = Debug|Any CPU
		{260C4DF3-CA49-4297-8B5F-6B2A8A6EC0D2}.Release|Any CPU.ActiveCfg = Release|Any CPU
		{260C4DF3-CA49-4297-8B5F-6B2A8A6EC0D2}.Release|Any CPU.Build.0 = Release|Any CPU
		{260C4DF3-CA49-4297-8B5F-6B2A8A6EC0D2}.Release|Any CPU.Deploy.0 = Release|Any CPU
		{504D6103-3F04-412C-8B7B-C9C91DC4B6DD}.Debug|Any CPU.ActiveCfg = Debug|Any CPU
		{504D6103-3F04-412C-8B7B-C9C91DC4B6DD}.Debug|Any CPU.Build.0 = Debug|Any CPU
		{504D6103-3F04-412C-8B7B-C9C91DC4B6DD}.Release|Any CPU.ActiveCfg = Release|Any CPU
		{504D6103-3F04-412C-8B7B-C9C91DC4B6DD}.Release|Any CPU.Build.0 = Release|Any CPU
		{2FBB69B1-F553-48E4-B96C-EA2A06868448}.Debug|Any CPU.ActiveCfg = Debug|Any CPU
		{2FBB69B1-F553-48E4-B96C-EA2A06868448}.Debug|Any CPU.Build.0 = Debug|Any CPU
		{2FBB69B1-F553-48E4-B96C-EA2A06868448}.Release|Any CPU.ActiveCfg = Release|Any CPU
		{2FBB69B1-F553-48E4-B96C-EA2A06868448}.Release|Any CPU.Build.0 = Release|Any CPU
	EndGlobalSection
	GlobalSection(SolutionProperties) = preSolution
		HideSolutionNode = FALSE
	EndGlobalSection
	GlobalSection(ExtensibilityGlobals) = postSolution
		SolutionGuid = {1B72385D-F281-44A3-AC30-7BD731A2CBD7}
	EndGlobalSection
EndGlobal
